
Microsoft Visual Studio Solution File, Format Version 12.00
# Visual Studio Version 17
VisualStudioVersion = 17.4.33213.308
MinimumVisualStudioVersion = 10.0.40219.1
Project("{FAE04EC0-301F-11D3-BF4B-00C04F79EFBC}") = "ECommerceBlazorApp.Server", "ECommerceBlazorApp\Server\ECommerceBlazorApp.Server.csproj", "{CEF2636C-D7F2-4065-A08A-9E446007DE04}"
EndProject
Project("{FAE04EC0-301F-11D3-BF4B-00C04F79EFBC}") = "ECommerceBlazorApp.Client", "ECommerceBlazorApp\Client\ECommerceBlazorApp.Client.csproj", "{E59EE64A-B3E9-4F7A-AECC-A07ED154FE42}"
EndProject
Project("{FAE04EC0-301F-11D3-BF4B-00C04F79EFBC}") = "ECommerceBlazorApp.Shared", "ECommerceBlazorApp\Shared\ECommerceBlazorApp.Shared.csproj", "{FE6221A1-432F-4642-95D6-38B658D8CA79}"
EndProject
Global
	GlobalSection(SolutionConfigurationPlatforms) = preSolution
		Debug|Any CPU = Debug|Any CPU
		Release|Any CPU = Release|Any CPU
	EndGlobalSection
	GlobalSection(ProjectConfigurationPlatforms) = postSolution
		{CEF2636C-D7F2-4065-A08A-9E446007DE04}.Debug|Any CPU.ActiveCfg = Debug|Any CPU
		{CEF2636C-D7F2-4065-A08A-9E446007DE04}.Debug|Any CPU.Build.0 = Debug|Any CPU
		{CEF2636C-D7F2-4065-A08A-9E446007DE04}.Release|Any CPU.ActiveCfg = Release|Any CPU
		{CEF2636C-D7F2-4065-A08A-9E446007DE04}.Release|Any CPU.Build.0 = Release|Any CPU
		{E59EE64A-B3E9-4F7A-AECC-A07ED154FE42}.Debug|Any CPU.ActiveCfg = Debug|Any CPU
		{E59EE64A-B3E9-4F7A-AECC-A07ED154FE42}.Debug|Any CPU.Build.0 = Debug|Any CPU
		{E59EE64A-B3E9-4F7A-AECC-A07ED154FE42}.Release|Any CPU.ActiveCfg = Release|Any CPU
		{E59EE64A-B3E9-4F7A-AECC-A07ED154FE42}.Release|Any CPU.Build.0 = Release|Any CPU
		{FE6221A1-432F-4642-95D6-38B658D8CA79}.Debug|Any CPU.ActiveCfg = Debug|Any CPU
		{FE6221A1-432F-4642-95D6-38B658D8CA79}.Debug|Any CPU.Build.0 = Debug|Any CPU
		{FE6221A1-432F-4642-95D6-38B658D8CA79}.Release|Any CPU.ActiveCfg = Release|Any CPU
		{FE6221A1-432F-4642-95D6-38B658D8CA79}.Release|Any CPU.Build.0 = Release|Any CPU
	EndGlobalSection
	GlobalSection(SolutionProperties) = preSolution
		HideSolutionNode = FALSE
	EndGlobalSection
	GlobalSection(ExtensibilityGlobals) = postSolution
		SolutionGuid = {229F4D61-1A57-4A22-995D-5E0735746FC1}
	EndGlobalSection
EndGlobal
